
Microsoft Visual Studio Solution File, Format Version 12.00
# Visual Studio Version 16
VisualStudioVersion = 16.0.31410.357
MinimumVisualStudioVersion = 10.0.40219.1
Project("{FAE04EC0-301F-11D3-BF4B-00C04F79EFBC}") = "AutoCompleteSample.UWP", "AutoCompleteSample\AutoCompleteSample.UWP\AutoCompleteSample.UWP.csproj", "{0459CA50-7586-4186-B08A-6765975DD240}"
EndProject
Project("{FAE04EC0-301F-11D3-BF4B-00C04F79EFBC}") = "AutoCompleteSample.Android", "AutoCompleteSample\AutoCompleteSample.Android\AutoCompleteSample.Android.csproj", "{7CDECD1F-8AE0-4C65-BAAA-7EA876118F75}"
EndProject
Project("{FAE04EC0-301F-11D3-BF4B-00C04F79EFBC}") = "AutoCompleteSample.iOS", "AutoCompleteSample\AutoCompleteSample.iOS\AutoCompleteSample.iOS.csproj", "{ED8BC597-3ABE-43CF-BD97-BDC92DD01B89}"
EndProject
Project("{FAE04EC0-301F-11D3-BF4B-00C04F79EFBC}") = "AutoCompleteSample", "AutoCompleteSample\AutoCompleteSample\AutoCompleteSample.csproj", "{4703A139-3810-4A7A-AFCC-4D586748BA5F}"
EndProject
Global
	GlobalSection(SolutionConfigurationPlatforms) = preSolution
		Debug|Any CPU = Debug|Any CPU
		Debug|ARM = Debug|ARM
		Debug|iPhone = Debug|iPhone
		Debug|iPhoneSimulator = Debug|iPhoneSimulator
		Debug|x64 = Debug|x64
		Debug|x86 = Debug|x86
		Release|Any CPU = Release|Any CPU
		Release|ARM = Release|ARM
		Release|iPhone = Release|iPhone
		Release|iPhoneSimulator = Release|iPhoneSimulator
		Release|x64 = Release|x64
		Release|x86 = Release|x86
	EndGlobalSection
	GlobalSection(ProjectConfigurationPlatforms) = postSolution
		{0459CA50-7586-4186-B08A-6765975DD240}.Debug|Any CPU.ActiveCfg = Debug|x86
		{0459CA50-7586-4186-B08A-6765975DD240}.Debug|Any CPU.Build.0 = Debug|x86
		{0459CA50-7586-4186-B08A-6765975DD240}.Debug|Any CPU.Deploy.0 = Debug|x86
		{0459CA50-7586-4186-B08A-6765975DD240}.Debug|ARM.ActiveCfg = Debug|ARM
		{0459CA50-7586-4186-B08A-6765975DD240}.Debug|ARM.Build.0 = Debug|ARM
		{0459CA50-7586-4186-B08A-6765975DD240}.Debug|ARM.Deploy.0 = Debug|ARM
		{0459CA50-7586-4186-B08A-6765975DD240}.Debug|iPhone.ActiveCfg = Debug|x86
		{0459CA50-7586-4186-B08A-6765975DD240}.Debug|iPhone.Build.0 = Debug|x86
		{0459CA50-7586-4186-B08A-6765975DD240}.Debug|iPhone.Deploy.0 = Debug|x86
		{0459CA50-7586-4186-B08A-6765975DD240}.Debug|iPhoneSimulator.ActiveCfg = Debug|x86
		{0459CA50-7586-4186-B08A-6765975DD240}.Debug|iPhoneSimulator.Build.0 = Debug|x86
		{0459CA50-7586-4186-B08A-6765975DD240}.Debug|iPhoneSimulator.Deploy.0 = Debug|x86
		{0459CA50-7586-4186-B08A-6765975DD240}.Debug|x64.ActiveCfg = Debug|x64
		{0459CA50-7586-4186-B08A-6765975DD240}.Debug|x64.Build.0 = Debug|x64
		{0459CA50-7586-4186-B08A-6765975DD240}.Debug|x64.Deploy.0 = Debug|x64
		{0459CA50-7586-4186-B08A-6765975DD240}.Debug|x86.ActiveCfg = Debug|x86
		{0459CA50-7586-4186-B08A-6765975DD240}.Debug|x86.Build.0 = Debug|x86
		{0459CA50-7586-4186-B08A-6765975DD240}.Debug|x86.Deploy.0 = Debug|x86
		{0459CA50-7586-4186-B08A-6765975DD240}.Release|Any CPU.ActiveCfg = Release|x86
		{0459CA50-7586-4186-B08A-6765975DD240}.Release|Any CPU.Build.0 = Release|x86
		{0459CA50-7586-4186-B08A-6765975DD240}.Release|Any CPU.Deploy.0 = Release|x86
		{0459CA50-7586-4186-B08A-6765975DD240}.Release|ARM.ActiveCfg = Release|ARM
		{0459CA50-7586-4186-B08A-6765975DD240}.Release|ARM.Build.0 = Release|ARM
		{0459CA50-7586-4186-B08A-6765975DD240}.Release|ARM.Deploy.0 = Release|ARM
		{0459CA50-7586-4186-B08A-6765975DD240}.Release|iPhone.ActiveCfg = Release|x86
		{0459CA50-7586-4186-B08A-6765975DD240}.Release|iPhone.Build.0 = Release|x86
		{0459CA50-7586-4186-B08A-6765975DD240}.Release|iPhone.Deploy.0 = Release|x86
		{0459CA50-7586-4186-B08A-6765975DD240}.Release|iPhoneSimulator.ActiveCfg = Release|x86
		{0459CA50-7586-4186-B08A-6765975DD240}.Release|iPhoneSimulator.Build.0 = Release|x86
		{0459CA50-7586-4186-B08A-6765975DD240}.Release|iPhoneSimulator.Deploy.0 = Release|x86
		{0459CA50-7586-4186-B08A-6765975DD240}.Release|x64.ActiveCfg = Release|x64
		{0459CA50-7586-4186-B08A-6765975DD240}.Release|x64.Build.0 = Release|x64
		{0459CA50-7586-4186-B08A-6765975DD240}.Release|x64.Deploy.0 = Release|x64
		{0459CA50-7586-4186-B08A-6765975DD240}.Release|x86.ActiveCfg = Release|x86
		{0459CA50-7586-4186-B08A-6765975DD240}.Release|x86.Build.0 = Release|x86
		{0459CA50-7586-4186-B08A-6765975DD240}.Release|x86.Deploy.0 = Release|x86
		{7CDECD1F-8AE0-4C65-BAAA-7EA876118F75}.Debug|Any CPU.ActiveCfg = Debug|Any CPU
		{7CDECD1F-8AE0-4C65-BAAA-7EA876118F75}.Debug|Any CPU.Build.0 = Debug|Any CPU
		{7CDECD1F-8AE0-4C65-BAAA-7EA876118F75}.Debug|Any CPU.Deploy.0 = Debug|Any CPU
		{7CDECD1F-8AE0-4C65-BAAA-7EA876118F75}.Debug|ARM.ActiveCfg = Debug|Any CPU
		{7CDECD1F-8AE0-4C65-BAAA-7EA876118F75}.Debug|ARM.Build.0 = Debug|Any CPU
		{7CDECD1F-8AE0-4C65-BAAA-7EA876118F75}.Debug|ARM.Deploy.0 = Debug|Any CPU
		{7CDECD1F-8AE0-4C65-BAAA-7EA876118F75}.Debug|iPhone.ActiveCfg = Debug|Any CPU
		{7CDECD1F-8AE0-4C65-BAAA-7EA876118F75}.Debug|iPhone.Build.0 = Debug|Any CPU
		{7CDECD1F-8AE0-4C65-BAAA-7EA876118F75}.Debug|iPhone.Deploy.0 = Debug|Any CPU
		{7CDECD1F-8AE0-4C65-BAAA-7EA876118F75}.Debug|iPhoneSimulator.ActiveCfg = Debug|Any CPU
		{7CDECD1F-8AE0-4C65-BAAA-7EA876118F75}.Debug|iPhoneSimulator.Build.0 = Debug|Any CPU
		{7CDECD1F-8AE0-4C65-BAAA-7EA876118F75}.Debug|iPhoneSimulator.Deploy.0 = Debug|Any CPU
		{7CDECD1F-8AE0-4C65-BAAA-7EA876118F75}.Debug|x64.ActiveCfg = Debug|Any CPU
		{7CDECD1F-8AE0-4C65-BAAA-7EA876118F75}.Debug|x64.Build.0 = Debug|Any CPU
		{7CDECD1F-8AE0-4C65-BAAA-7EA876118F75}.Debug|x64.Deploy.0 = Debug|Any CPU
		{7CDECD1F-8AE0-4C65-BAAA-7EA876118F75}.Debug|x86.ActiveCfg = Debug|Any CPU
		{7CDECD1F-8AE0-4C65-BAAA-7EA876118F75}.Debug|x86.Build.0 = Debug|Any CPU
		{7CDECD1F-8AE0-4C65-BAAA-7EA876118F75}.Debug|x86.Deploy.0 = Debug|Any CPU
		{7CDECD1F-8AE0-4C65-BAAA-7EA876118F75}.Release|Any CPU.ActiveCfg = Release|Any CPU
		{7CDECD1F-8AE0-4C65-BAAA-7EA876118F75}.Release|Any CPU.Build.0 = Release|Any CPU
		{7CDECD1F-8AE0-4C65-BAAA-7EA876118F75}.Release|Any CPU.Deploy.0 = Release|Any CPU
		{7CDECD1F-8AE0-4C65-BAAA-7EA876118F75}.Release|ARM.ActiveCfg = Release|Any CPU
		{7CDECD1F-8AE0-4C65-BAAA-7EA876118F75}.Release|ARM.Build.0 = Release|Any CPU
		{7CDECD1F-8AE0-4C65-BAAA-7EA876118F75}.Release|ARM.Deploy.0 = Release|Any CPU
		{7CDECD1F-8AE0-4C65-BAAA-7EA876118F75}.Release|iPhone.ActiveCfg = Release|Any CPU
		{7CDECD1F-8AE0-4C65-BAAA-7EA876118F75}.Release|iPhone.Build.0 = Release|Any CPU
		{7CDECD1F-8AE0-4C65-BAAA-7EA876118F75}.Release|iPhone.Deploy.0 = Release|Any CPU
		{7CDECD1F-8AE0-4C65-BAAA-7EA876118F75}.Release|iPhoneSimulator.ActiveCfg = Release|Any CPU
		{7CDECD1F-8AE0-4C65-BAAA-7EA876118F75}.Release|iPhoneSimulator.Build.0 = Release|Any CPU
		{7CDECD1F-8AE0-4C65-BAAA-7EA876118F75}.Release|iPhoneSimulator.Deploy.0 = Release|Any CPU
		{7CDECD1F-8AE0-4C65-BAAA-7EA876118F75}.Release|x64.ActiveCfg = Release|Any CPU
		{7CDECD1F-8AE0-4C65-BAAA-7EA876118F75}.Release|x64.Build.0 = Release|Any CPU
		{7CDECD1F-8AE0-4C65-BAAA-7EA876118F75}.Release|x64.Deploy.0 = Release|Any CPU
		{7CDECD1F-8AE0-4C65-BAAA-7EA876118F75}.Release|x86.ActiveCfg = Release|Any CPU
		{7CDECD1F-8AE0-4C65-BAAA-7EA876118F75}.Release|x86.Build.0 = Release|Any CPU
		{7CDECD1F-8AE0-4C65-BAAA-7EA876118F75}.Release|x86.Deploy.0 = Release|Any CPU
		{ED8BC597-3ABE-43CF-BD97-BDC92DD01B89}.Debug|Any CPU.ActiveCfg = Debug|iPhoneSimulator
		{ED8BC597-3ABE-43CF-BD97-BDC92DD01B89}.Debug|Any CPU.Build.0 = Debug|iPhoneSimulator
		{ED8BC597-3ABE-43CF-BD97-BDC92DD01B89}.Debug|Any CPU.Deploy.0 = Debug|iPhoneSimulator
		{ED8BC597-3ABE-43CF-BD97-BDC92DD01B89}.Debug|ARM.ActiveCfg = Debug|iPhone
		{ED8BC597-3ABE-43CF-BD97-BDC92DD01B89}.Debug|ARM.Build.0 = Debug|iPhone
		{ED8BC597-3ABE-43CF-BD97-BDC92DD01B89}.Debug|ARM.Deploy.0 = Debug|iPhone
		{ED8BC597-3ABE-43CF-BD97-BDC92DD01B89}.Debug|iPhone.ActiveCfg = Debug|iPhone
		{ED8BC597-3ABE-43CF-BD97-BDC92DD01B89}.Debug|iPhone.Build.0 = Debug|iPhone
		{ED8BC597-3ABE-43CF-BD97-BDC92DD01B89}.Debug|iPhone.Deploy.0 = Debug|iPhone
		{ED8BC597-3ABE-43CF-BD97-BDC92DD01B89}.Debug|iPhoneSimulator.ActiveCfg = Debug|iPhoneSimulator
		{ED8BC597-3ABE-43CF-BD97-BDC92DD01B89}.Debug|iPhoneSimulator.Build.0 = Debug|iPhoneSimulator
		{ED8BC597-3ABE-43CF-BD97-BDC92DD01B89}.Debug|iPhoneSimulator.Deploy.0 = Debug|iPhoneSimulator
		{ED8BC597-3ABE-43CF-BD97-BDC92DD01B89}.Debug|x64.ActiveCfg = Debug|iPhoneSimulator
		{ED8BC597-3ABE-43CF-BD97-BDC92DD01B89}.Debug|x64.Build.0 = Debug|iPhoneSimulator
		{ED8BC597-3ABE-43CF-BD97-BDC92DD01B89}.Debug|x64.Deploy.0 = Debug|iPhoneSimulator
		{ED8BC597-3ABE-43CF-BD97-BDC92DD01B89}.Debug|x86.ActiveCfg = Debug|iPhoneSimulator
		{ED8BC597-3ABE-43CF-BD97-BDC92DD01B89}.Debug|x86.Build.0 = Debug|iPhoneSimulator
		{ED8BC597-3ABE-43CF-BD97-BDC92DD01B89}.Debug|x86.Deploy.0 = Debug|iPhoneSimulator
		{ED8BC597-3ABE-43CF-BD97-BDC92DD01B89}.Release|Any CPU.ActiveCfg = Release|iPhoneSimulator
		{ED8BC597-3ABE-43CF-BD97-BDC92DD01B89}.Release|Any CPU.Build.0 = Release|iPhoneSimulator
		{ED8BC597-3ABE-43CF-BD97-BDC92DD01B89}.Release|Any CPU.Deploy.0 = Release|iPhoneSimulator
		{ED8BC597-3ABE-43CF-BD97-BDC92DD01B89}.Release|ARM.ActiveCfg = Release|iPhoneSimulator
		{ED8BC597-3ABE-43CF-BD97-BDC92DD01B89}.Release|ARM.Build.0 = Release|iPhoneSimulator
		{ED8BC597-3ABE-43CF-BD97-BDC92DD01B89}.Release|ARM.Deploy.0 = Release|iPhoneSimulator
		{ED8BC597-3ABE-43CF-BD97-BDC92DD01B89}.Release|iPhone.ActiveCfg = Release|iPhone
		{ED8BC597-3ABE-43CF-BD97-BDC92DD01B89}.Release|iPhone.Build.0 = Release|iPhone
		{ED8BC597-3ABE-43CF-BD97-BDC92DD01B89}.Release|iPhone.Deploy.0 = Release|iPhone
		{ED8BC597-3ABE-43CF-BD97-BDC92DD01B89}.Release|iPhoneSimulator.ActiveCfg = Release|iPhoneSimulator
		{ED8BC597-3ABE-43CF-BD97-BDC92DD01B89}.Release|iPhoneSimulator.Build.0 = Release|iPhoneSimulator
		{ED8BC597-3ABE-43CF-BD97-BDC92DD01B89}.Release|iPhoneSimulator.Deploy.0 = Release|iPhoneSimulator
		{ED8BC597-3ABE-43CF-BD97-BDC92DD01B89}.Release|x64.ActiveCfg = Release|iPhoneSimulator
		{ED8BC597-3ABE-43CF-BD97-BDC92DD01B89}.Release|x64.Build.0 = Release|iPhoneSimulator
		{ED8BC597-3ABE-43CF-BD97-BDC92DD01B89}.Release|x64.Deploy.0 = Release|iPhoneSimulator
		{ED8BC597-3ABE-43CF-BD97-BDC92DD01B89}.Release|x86.ActiveCfg = Release|iPhoneSimulator
		{ED8BC597-3ABE-43CF-BD97-BDC92DD01B89}.Release|x86.Build.0 = Release|iPhoneSimulator
		{ED8BC597-3ABE-43CF-BD97-BDC92DD01B89}.Release|x86.Deploy.0 = Release|iPhoneSimulator
		{4703A139-3810-4A7A-AFCC-4D586748BA5F}.Debug|Any CPU.ActiveCfg = Debug|Any CPU
		{4703A139-3810-4A7A-AFCC-4D586748BA5F}.Debug|Any CPU.Build.0 = Debug|Any CPU
		{4703A139-3810-4A7A-AFCC-4D586748BA5F}.Debug|Any CPU.Deploy.0 = Debug|Any CPU
		{4703A139-3810-4A7A-AFCC-4D586748BA5F}.Debug|ARM.ActiveCfg = Debug|Any CPU
		{4703A139-3810-4A7A-AFCC-4D586748BA5F}.Debug|ARM.Build.0 = Debug|Any CPU
		{4703A139-3810-4A7A-AFCC-4D586748BA5F}.Debug|ARM.Deploy.0 = Debug|Any CPU
		{4703A139-3810-4A7A-AFCC-4D586748BA5F}.Debug|iPhone.ActiveCfg = Debug|Any CPU
		{4703A139-3810-4A7A-AFCC-4D586748BA5F}.Debug|iPhone.Build.0 = Debug|Any CPU
		{4703A139-3810-4A7A-AFCC-4D586748BA5F}.Debug|iPhone.Deploy.0 = Debug|Any CPU
		{4703A139-3810-4A7A-AFCC-4D586748BA5F}.Debug|iPhoneSimulator.ActiveCfg = Debug|Any CPU
		{4703A139-3810-4A7A-AFCC-4D586748BA5F}.Debug|iPhoneSimulator.Build.0 = Debug|Any CPU
		{4703A139-3810-4A7A-AFCC-4D586748BA5F}.Debug|iPhoneSimulator.Deploy.0 = Debug|Any CPU
		{4703A139-3810-4A7A-AFCC-4D586748BA5F}.Debug|x64.ActiveCfg = Debug|Any CPU
		{4703A139-3810-4A7A-AFCC-4D586748BA5F}.Debug|x64.Build.0 = Debug|Any CPU
		{4703A139-3810-4A7A-AFCC-4D586748BA5F}.Debug|x64.Deploy.0 = Debug|Any CPU
		{4703A139-3810-4A7A-AFCC-4D586748BA5F}.Debug|x86.ActiveCfg = Debug|Any CPU
		{4703A139-3810-4A7A-AFCC-4D586748BA5F}.Debug|x86.Build.0 = Debug|Any CPU
		{4703A139-3810-4A7A-AFCC-4D586748BA5F}.Debug|x86.Deploy.0 = Debug|Any CPU
		{4703A139-3810-4A7A-AFCC-4D586748BA5F}.Release|Any CPU.ActiveCfg = Release|Any CPU
		{4703A139-3810-4A7A-AFCC-4D586748BA5F}.Release|Any CPU.Build.0 = Release|Any CPU
		{4703A139-3810-4A7A-AFCC-4D586748BA5F}.Release|Any CPU.Deploy.0 = Release|Any CPU
		{4703A139-3810-4A7A-AFCC-4D586748BA5F}.Release|ARM.ActiveCfg = Release|Any CPU
		{4703A139-3810-4A7A-AFCC-4D586748BA5F}.Release|ARM.Build.0 = Release|Any CPU
		{4703A139-3810-4A7A-AFCC-4D586748BA5F}.Release|ARM.Deploy.0 = Release|Any CPU
		{4703A139-3810-4A7A-AFCC-4D586748BA5F}.Release|iPhone.ActiveCfg = Release|Any CPU
		{4703A139-3810-4A7A-AFCC-4D586748BA5F}.Release|iPhone.Build.0 = Release|Any CPU
		{4703A139-3810-4A7A-AFCC-4D586748BA5F}.Release|iPhone.Deploy.0 = Release|Any CPU
		{4703A139-3810-4A7A-AFCC-4D586748BA5F}.Release|iPhoneSimulator.ActiveCfg = Release|Any CPU
		{4703A139-3810-4A7A-AFCC-4D586748BA5F}.Release|iPhoneSimulator.Build.0 = Release|Any CPU
		{4703A139-3810-4A7A-AFCC-4D586748BA5F}.Release|iPhoneSimulator.Deploy.0 = Release|Any CPU
		{4703A139-3810-4A7A-AFCC-4D586748BA5F}.Release|x64.ActiveCfg = Release|Any CPU
		{4703A139-3810-4A7A-AFCC-4D586748BA5F}.Release|x64.Build.0 = Release|Any CPU
		{4703A139-3810-4A7A-AFCC-4D586748BA5F}.Release|x64.Deploy.0 = Release|Any CPU
		{4703A139-3810-4A7A-AFCC-4D586748BA5F}.Release|x86.ActiveCfg = Release|Any CPU
		{4703A139-3810-4A7A-AFCC-4D586748BA5F}.Release|x86.Build.0 = Release|Any CPU
		{4703A139-3810-4A7A-AFCC-4D586748BA5F}.Release|x86.Deploy.0 = Release|Any CPU
	EndGlobalSection
	GlobalSection(SolutionProperties) = preSolution
		HideSolutionNode = FALSE
	EndGlobalSection
	GlobalSection(ExtensibilityGlobals) = postSolution
		SolutionGuid = {157F3FCE-2186-44F8-BE14-AC19F7DF0A26}
	EndGlobalSection
EndGlobal
